
Microsoft Visual Studio Solution File, Format Version 12.00
# Visual Studio 15
VisualStudioVersion = 15.0.26430.15
MinimumVisualStudioVersion = 10.0.40219.1
Project("{FAE04EC0-301F-11D3-BF4B-00C04F79EFBC}") = "WebApplication9", "WebApplication9\WebApplication9.csproj", "{37A8712B-0EC8-4303-825A-9FFCB3CA99AF}"
EndProject
Global
	GlobalSection(SolutionConfigurationPlatforms) = preSolution
		Debug|Any CPU = Debug|Any CPU
		Release|Any CPU = Release|Any CPU
	EndGlobalSection
	GlobalSection(ProjectConfigurationPlatforms) = postSolution
		{37A8712B-0EC8-4303-825A-9FFCB3CA99AF}.Debug|Any CPU.ActiveCfg = Debug|Any CPU
		{37A8712B-0EC8-4303-825A-9FFCB3CA99AF}.Debug|Any CPU.Build.0 = Debug|Any CPU
		{37A8712B-0EC8-4303-825A-9FFCB3CA99AF}.Release|Any CPU.ActiveCfg = Release|Any CPU
		{37A8712B-0EC8-4303-825A-9FFCB3CA99AF}.Release|Any CPU.Build.0 = Release|Any CPU
	EndGlobalSection
	GlobalSection(SolutionProperties) = preSolution
		HideSolutionNode = FALSE
	EndGlobalSection
EndGlobal
